
Microsoft Visual Studio Solution File, Format Version 12.00
# Visual Studio 15
VisualStudioVersion = 15.0.28010.2019
MinimumVisualStudioVersion = 10.0.40219.1
Project("{FAE04EC0-301F-11D3-BF4B-00C04F79EFBC}") = "Tproduct", "WebApplication2\Tproduct.csproj", "{810D7851-AA39-4E93-AD47-BD84A7E30531}"
EndProject
Global
	GlobalSection(SolutionConfigurationPlatforms) = preSolution
		Debug|Any CPU = Debug|Any CPU
		Release|Any CPU = Release|Any CPU
	EndGlobalSection
	GlobalSection(ProjectConfigurationPlatforms) = postSolution
		{810D7851-AA39-4E93-AD47-BD84A7E30531}.Debug|Any CPU.ActiveCfg = Debug|Any CPU
		{810D7851-AA39-4E93-AD47-BD84A7E30531}.Debug|Any CPU.Build.0 = Debug|Any CPU
		{810D7851-AA39-4E93-AD47-BD84A7E30531}.Release|Any CPU.ActiveCfg = Release|Any CPU
		{810D7851-AA39-4E93-AD47-BD84A7E30531}.Release|Any CPU.Build.0 = Release|Any CPU
	EndGlobalSection
	GlobalSection(SolutionProperties) = preSolution
		HideSolutionNode = FALSE
	EndGlobalSection
	GlobalSection(ExtensibilityGlobals) = postSolution
		SolutionGuid = {89BEF043-B80B-43C4-8CC1-4ECFB8FEFBAA}
	EndGlobalSection
EndGlobal
